# This file is autogenerated, do not edit; changes may be undone by the next 'dep ensure'.


[[projects]]
  digest = "1:a5036bc703c3994f70ced9b34e9941381aa6bd03e69a0ce538f43bf14dc8dc98"
  name = "github.com/docker/docker"
  packages = [
    "pkg/namesgenerator",
    "pkg/random",
  ]
  pruneopts = "UT"
  revision = "092cba3727bb9b4a2f0e922cd6c0f93ea270e363"
  version = "v1.13.1"

[[projects]]
  digest = "1:d2b840972af62edbc8681f03bb4ab247044f7d3ce0a1c756228cba90a67bc8ab"
  name = "github.com/peterbourgon/ff"
  packages = ["."]
  pruneopts = "UT"
  revision = "51a56413755bf6876de827057a30da8341eefe9f"
  version = "v1.6.0"

[[projects]]
  branch = "master"
  digest = "1:3df46e572883257c46c470dc1796f9bc609d0d0d7339dd10358030649b9beb93"
  name = "github.com/streadway/amqp"
  packages = ["."]
  pruneopts = "UT"
  revision = "edfb9018d2714e4ec54dbaba37dbfef2bdadf0e4"

[solve-meta]
  analyzer-name = "dep"
  analyzer-version = 1
  input-imports = [
    "github.com/docker/docker/pkg/namesgenerator",
    "github.com/peterbourgon/ff",
    "github.com/streadway/amqp",
  ]
  solver-name = "gps-cdcl"
  solver-version = 1
